
Microsoft Visual Studio Solution File, Format Version 12.00
# Visual Studio Version 17
VisualStudioVersion = 17.14.36414.22
MinimumVisualStudioVersion = 10.0.40219.1
Project("{FAE04EC0-301F-11D3-BF4B-00C04F79EFBC}") = "Agrine.Plugin.MaterialThemes", "Agrine.Plugin.MaterialThemes\Agrine.Plugin.MaterialThemes.csproj", "{14D510C9-EABE-4570-A55D-A9FD6CDCD773}"
EndProject
Project("{F184B08F-C81C-45F6-A57F-5ABD9991F28F}") = "Agrine.Plugin.DraculaTheme", "Agrine.Plugin.DraculaTheme\Agrine.Plugin.DraculaTheme.vbproj", "{57EB989C-EC45-4F98-B2B5-4B4B74868927}"
EndProject
Global
	GlobalSection(SolutionConfigurationPlatforms) = preSolution
		Debug|Any CPU = Debug|Any CPU
		Release|Any CPU = Release|Any CPU
	EndGlobalSection
	GlobalSection(ProjectConfigurationPlatforms) = postSolution
		{14D510C9-EABE-4570-A55D-A9FD6CDCD773}.Debug|Any CPU.ActiveCfg = Debug|Any CPU
		{14D510C9-EABE-4570-A55D-A9FD6CDCD773}.Debug|Any CPU.Build.0 = Debug|Any CPU
		{14D510C9-EABE-4570-A55D-A9FD6CDCD773}.Release|Any CPU.ActiveCfg = Release|Any CPU
		{14D510C9-EABE-4570-A55D-A9FD6CDCD773}.Release|Any CPU.Build.0 = Release|Any CPU
		{57EB989C-EC45-4F98-B2B5-4B4B74868927}.Debug|Any CPU.ActiveCfg = Debug|Any CPU
		{57EB989C-EC45-4F98-B2B5-4B4B74868927}.Debug|Any CPU.Build.0 = Debug|Any CPU
		{57EB989C-EC45-4F98-B2B5-4B4B74868927}.Release|Any CPU.ActiveCfg = Release|Any CPU
		{57EB989C-EC45-4F98-B2B5-4B4B74868927}.Release|Any CPU.Build.0 = Release|Any CPU
	EndGlobalSection
	GlobalSection(SolutionProperties) = preSolution
		HideSolutionNode = FALSE
	EndGlobalSection
	GlobalSection(ExtensibilityGlobals) = postSolution
		SolutionGuid = {527BCA57-C849-4D95-8590-175733275963}
	EndGlobalSection
EndGlobal
